
Microsoft Visual Studio Solution File, Format Version 12.00
# Visual Studio Version 16
VisualStudioVersion = 16.0.29806.167
MinimumVisualStudioVersion = 10.0.40219.1
Project("{FAE04EC0-301F-11D3-BF4B-00C04F79EFBC}") = "CountersToElk", "CountersToElk\CountersToElk.csproj", "{BD5A6BEF-3A30-4BDC-A560-0C914ABA145B}"
EndProject
Global
	GlobalSection(SolutionConfigurationPlatforms) = preSolution
		Debug|Any CPU = Debug|Any CPU
		Release|Any CPU = Release|Any CPU
	EndGlobalSection
	GlobalSection(ProjectConfigurationPlatforms) = postSolution
		{BD5A6BEF-3A30-4BDC-A560-0C914ABA145B}.Debug|Any CPU.ActiveCfg = Debug|Any CPU
		{BD5A6BEF-3A30-4BDC-A560-0C914ABA145B}.Debug|Any CPU.Build.0 = Debug|Any CPU
		{BD5A6BEF-3A30-4BDC-A560-0C914ABA145B}.Release|Any CPU.ActiveCfg = Release|Any CPU
		{BD5A6BEF-3A30-4BDC-A560-0C914ABA145B}.Release|Any CPU.Build.0 = Release|Any CPU
	EndGlobalSection
	GlobalSection(SolutionProperties) = preSolution
		HideSolutionNode = FALSE
	EndGlobalSection
	GlobalSection(ExtensibilityGlobals) = postSolution
		SolutionGuid = {382C2F62-502E-4251-89BB-115B7B1A2CAB}
	EndGlobalSection
EndGlobal
